
Microsoft Visual Studio Solution File, Format Version 12.00
# Visual Studio Version 17
VisualStudioVersion = 17.0.31903.59
MinimumVisualStudioVersion = 10.0.40219.1
Project("{FAE04EC0-301F-11D3-BF4B-00C04F79EFBC}") = "rbxasset-cli", "rbxasset-cli.csproj", "{ABC0AF7A-5BC8-4AFF-BEFF-0380E3276F43}"
EndProject
Global
	GlobalSection(SolutionConfigurationPlatforms) = preSolution
		Debug|Any CPU = Debug|Any CPU
		Release|Any CPU = Release|Any CPU
	EndGlobalSection
	GlobalSection(SolutionProperties) = preSolution
		HideSolutionNode = FALSE
	EndGlobalSection
	GlobalSection(ProjectConfigurationPlatforms) = postSolution
		{ABC0AF7A-5BC8-4AFF-BEFF-0380E3276F43}.Debug|Any CPU.ActiveCfg = Debug|Any CPU
		{ABC0AF7A-5BC8-4AFF-BEFF-0380E3276F43}.Debug|Any CPU.Build.0 = Debug|Any CPU
		{ABC0AF7A-5BC8-4AFF-BEFF-0380E3276F43}.Release|Any CPU.ActiveCfg = Release|Any CPU
		{ABC0AF7A-5BC8-4AFF-BEFF-0380E3276F43}.Release|Any CPU.Build.0 = Release|Any CPU
	EndGlobalSection
EndGlobal
